
Microsoft Visual Studio Solution File, Format Version 12.00
# Visual Studio Version 17
VisualStudioVersion = 17.8.34525.116
MinimumVisualStudioVersion = 10.0.40219.1
Project("{8BC9CEB8-8B4A-11D0-8D11-00A0C91BC942}") = "rectangle area", "rectangle area.vcxproj", "{FFC49C77-07C0-4900-8048-8B14598D05C7}"
EndProject
Global
	GlobalSection(SolutionConfigurationPlatforms) = preSolution
		Debug|x64 = Debug|x64
		Debug|x86 = Debug|x86
		Release|x64 = Release|x64
		Release|x86 = Release|x86
	EndGlobalSection
	GlobalSection(ProjectConfigurationPlatforms) = postSolution
		{FFC49C77-07C0-4900-8048-8B14598D05C7}.Debug|x64.ActiveCfg = Debug|x64
		{FFC49C77-07C0-4900-8048-8B14598D05C7}.Debug|x64.Build.0 = Debug|x64
		{FFC49C77-07C0-4900-8048-8B14598D05C7}.Debug|x86.ActiveCfg = Debug|Win32
		{FFC49C77-07C0-4900-8048-8B14598D05C7}.Debug|x86.Build.0 = Debug|Win32
		{FFC49C77-07C0-4900-8048-8B14598D05C7}.Release|x64.ActiveCfg = Release|x64
		{FFC49C77-07C0-4900-8048-8B14598D05C7}.Release|x64.Build.0 = Release|x64
		{FFC49C77-07C0-4900-8048-8B14598D05C7}.Release|x86.ActiveCfg = Release|Win32
		{FFC49C77-07C0-4900-8048-8B14598D05C7}.Release|x86.Build.0 = Release|Win32
	EndGlobalSection
	GlobalSection(SolutionProperties) = preSolution
		HideSolutionNode = FALSE
	EndGlobalSection
	GlobalSection(ExtensibilityGlobals) = postSolution
		SolutionGuid = {130EEB74-BC4D-411B-891B-658E956F9BC8}
	EndGlobalSection
EndGlobal
